
Microsoft Visual Studio Solution File, Format Version 12.00
# Visual Studio Version 17
VisualStudioVersion = 17.11.35327.3
MinimumVisualStudioVersion = 10.0.40219.1
Project("{FAE04EC0-301F-11D3-BF4B-00C04F79EFBC}") = "WebProject_API_React.Server", "WebProject_API_React.Server\WebProject_API_React.Server.csproj", "{C1CC48A2-6093-4A60-AAB3-3A1CA3A82D07}"
EndProject
Project("{54A90642-561A-4BB1-A94E-469ADEE60C69}") = "webproject_api_react.client", "webproject_api_react.client\webproject_api_react.client.esproj", "{290E75F2-D5FB-45B4-9846-C52B8A039351}"
EndProject
Global
	GlobalSection(SolutionConfigurationPlatforms) = preSolution
		Debug|Any CPU = Debug|Any CPU
		Release|Any CPU = Release|Any CPU
	EndGlobalSection
	GlobalSection(ProjectConfigurationPlatforms) = postSolution
		{C1CC48A2-6093-4A60-AAB3-3A1CA3A82D07}.Debug|Any CPU.ActiveCfg = Debug|Any CPU
		{C1CC48A2-6093-4A60-AAB3-3A1CA3A82D07}.Debug|Any CPU.Build.0 = Debug|Any CPU
		{C1CC48A2-6093-4A60-AAB3-3A1CA3A82D07}.Release|Any CPU.ActiveCfg = Release|Any CPU
		{C1CC48A2-6093-4A60-AAB3-3A1CA3A82D07}.Release|Any CPU.Build.0 = Release|Any CPU
		{290E75F2-D5FB-45B4-9846-C52B8A039351}.Debug|Any CPU.ActiveCfg = Debug|Any CPU
		{290E75F2-D5FB-45B4-9846-C52B8A039351}.Debug|Any CPU.Build.0 = Debug|Any CPU
		{290E75F2-D5FB-45B4-9846-C52B8A039351}.Debug|Any CPU.Deploy.0 = Debug|Any CPU
		{290E75F2-D5FB-45B4-9846-C52B8A039351}.Release|Any CPU.ActiveCfg = Release|Any CPU
		{290E75F2-D5FB-45B4-9846-C52B8A039351}.Release|Any CPU.Build.0 = Release|Any CPU
		{290E75F2-D5FB-45B4-9846-C52B8A039351}.Release|Any CPU.Deploy.0 = Release|Any CPU
	EndGlobalSection
	GlobalSection(SolutionProperties) = preSolution
		HideSolutionNode = FALSE
	EndGlobalSection
	GlobalSection(ExtensibilityGlobals) = postSolution
		SolutionGuid = {83DCE826-83A1-4270-82F1-C3ECAF5BBDE6}
	EndGlobalSection
EndGlobal
